
Microsoft Visual Studio Solution File, Format Version 12.00
# Visual Studio Version 17
VisualStudioVersion = 17.9.34723.18
MinimumVisualStudioVersion = 10.0.40219.1
Project("{9A19103F-16F7-4668-BE54-9A1E7A4F7556}") = "Lumina", "Lumina.csproj", "{688C31B1-31D7-4B6E-B447-7B47FEF54B74}"
EndProject
Global
	GlobalSection(SolutionConfigurationPlatforms) = preSolution
		Debug|Any CPU = Debug|Any CPU
		Debug|x64 = Debug|x64
		Release|Any CPU = Release|Any CPU
		Release|x64 = Release|x64
	EndGlobalSection
	GlobalSection(ProjectConfigurationPlatforms) = postSolution
		{688C31B1-31D7-4B6E-B447-7B47FEF54B74}.Debug|Any CPU.ActiveCfg = Debug|Any CPU
		{688C31B1-31D7-4B6E-B447-7B47FEF54B74}.Debug|Any CPU.Build.0 = Debug|Any CPU
		{688C31B1-31D7-4B6E-B447-7B47FEF54B74}.Debug|x64.ActiveCfg = Debug|x64
		{688C31B1-31D7-4B6E-B447-7B47FEF54B74}.Debug|x64.Build.0 = Debug|x64
		{688C31B1-31D7-4B6E-B447-7B47FEF54B74}.Release|Any CPU.ActiveCfg = Release|Any CPU
		{688C31B1-31D7-4B6E-B447-7B47FEF54B74}.Release|Any CPU.Build.0 = Release|Any CPU
		{688C31B1-31D7-4B6E-B447-7B47FEF54B74}.Release|x64.ActiveCfg = Release|x64
		{688C31B1-31D7-4B6E-B447-7B47FEF54B74}.Release|x64.Build.0 = Release|x64
	EndGlobalSection
	GlobalSection(SolutionProperties) = preSolution
		HideSolutionNode = FALSE
	EndGlobalSection
	GlobalSection(ExtensibilityGlobals) = postSolution
		SolutionGuid = {38D17A35-087C-4D3C-A1F5-8055F65BF0A4}
	EndGlobalSection
EndGlobal
