
Microsoft Visual Studio Solution File, Format Version 12.00
# Visual Studio Version 17
VisualStudioVersion = 17.9.34723.18
MinimumVisualStudioVersion = 10.0.40219.1
Project("{FAE04EC0-301F-11D3-BF4B-00C04F79EFBC}") = "Lumina", "Lumina.csproj", "{688C31B1-31D7-4B6E-B447-7B47FEF54B74}"
EndProject
Global
	GlobalSection(SolutionConfigurationPlatforms) = preSolution
		Debug|Any CPU = Debug|Any CPU
		Release|Any CPU = Release|Any CPU
	EndGlobalSection
	GlobalSection(ProjectConfigurationPlatforms) = postSolution
		{688C31B1-31D7-4B6E-B447-7B47FEF54B74}.Debug|Any CPU.ActiveCfg = Debug|Any CPU
		{688C31B1-31D7-4B6E-B447-7B47FEF54B74}.Debug|Any CPU.Build.0 = Debug|Any CPU
		{688C31B1-31D7-4B6E-B447-7B47FEF54B74}.Release|Any CPU.ActiveCfg = Release|Any CPU
		{688C31B1-31D7-4B6E-B447-7B47FEF54B74}.Release|Any CPU.Build.0 = Release|Any CPU
	EndGlobalSection
	GlobalSection(SolutionProperties) = preSolution
		HideSolutionNode = FALSE
	EndGlobalSection
	GlobalSection(ExtensibilityGlobals) = postSolution
		SolutionGuid = {38D17A35-087C-4D3C-A1F5-8055F65BF0A4}
	EndGlobalSection
EndGlobal
